
Microsoft Visual Studio Solution File, Format Version 12.00
# Visual Studio Version 16
VisualStudioVersion = 16.0.30907.101
MinimumVisualStudioVersion = 10.0.40219.1
Project("{FAE04EC0-301F-11D3-BF4B-00C04F79EFBC}") = "BoulevardManagement.Model", "BoulevardManagement.Model\BoulevardManagement.Model.csproj", "{690E355A-54BD-4B43-BD44-4BFD6433307F}"
EndProject
Project("{2150E333-8FDC-42A3-9474-1A3956D46DE8}") = "Data Access", "Data Access", "{FFBC7DF2-6D4D-46F8-91D2-9918EA9E26DF}"
EndProject
Project("{2150E333-8FDC-42A3-9474-1A3956D46DE8}") = "Business Logic", "Business Logic", "{15F4B85A-5957-4764-B4D5-9810AB10DAD6}"
EndProject
Project("{2150E333-8FDC-42A3-9474-1A3956D46DE8}") = "Presentation Layer", "Presentation Layer", "{E354404B-CCBA-4C8C-9557-E2D7B53A570B}"
EndProject
Project("{FAE04EC0-301F-11D3-BF4B-00C04F79EFBC}") = "BoulevardManagement.BLL", "BoulevardManagement.BLL\BoulevardManagement.BLL.csproj", "{4C141051-B758-4451-A64F-A8E1C0812DF3}"
EndProject
Project("{FAE04EC0-301F-11D3-BF4B-00C04F79EFBC}") = "BoulevardManagement.DTO", "BoulevardManagement.DTO\BoulevardManagement.DTO.csproj", "{F562B611-197C-44BC-831A-6DB0017115A6}"
EndProject
Project("{FAE04EC0-301F-11D3-BF4B-00C04F79EFBC}") = "BoulevardManagement.WebApplication", "BoulevardManagement.WebApplication\BoulevardManagement.WebApplication.csproj", "{8DED09D8-13A9-4CC4-8D14-2484B2BE8234}"
EndProject
Project("{FAE04EC0-301F-11D3-BF4B-00C04F79EFBC}") = "BoulevardManagement.WebApplication.Tests", "BoulevardManagement.WebApplication.Tests\BoulevardManagement.WebApplication.Tests.csproj", "{D6ADEB91-CE06-464E-B77B-9811C0BCC7EC}"
EndProject
Project("{2150E333-8FDC-42A3-9474-1A3956D46DE8}") = "URF", "URF", "{98E196D8-C0B1-471B-A756-5AEBA1DD055E}"
EndProject
Project("{FAE04EC0-301F-11D3-BF4B-00C04F79EFBC}") = "Service.Pattern", "URF.Service.Pattern\Service.Pattern.csproj", "{86F86650-EE3C-4372-8FEC-40C2FE015022}"
EndProject
Project("{FAE04EC0-301F-11D3-BF4B-00C04F79EFBC}") = "Repository.Pattern.Ef6", "URF.Repository.Pattern.Ef6\Repository.Pattern.Ef6.csproj", "{F68A1D19-93FB-47C1-A22B-42BEA3E4FD8C}"
EndProject
Project("{FAE04EC0-301F-11D3-BF4B-00C04F79EFBC}") = "Repository.Pattern", "URF.Repository.Pattern\Repository.Pattern.csproj", "{6E682A14-C872-4813-B620-76E108DEA683}"
EndProject
Project("{2150E333-8FDC-42A3-9474-1A3956D46DE8}") = "Shared", "Shared", "{28A5633A-36C1-4898-A408-8C45B1F183C5}"
EndProject
Project("{FAE04EC0-301F-11D3-BF4B-00C04F79EFBC}") = "TripleA.Utilities", "TripleA.Utilities\TripleA.Utilities.csproj", "{69831372-69E0-46B0-89A3-4E14493B1A68}"
EndProject
Project("{FAE04EC0-301F-11D3-BF4B-00C04F79EFBC}") = "BoulevardManagement.Utilities", "BoulevardManagement.Utilities\BoulevardManagement.Utilities.csproj", "{ED5C1C8B-8935-4979-8A0B-5363D6F1D138}"
EndProject
Global
	GlobalSection(SolutionConfigurationPlatforms) = preSolution
		Debug|Any CPU = Debug|Any CPU
		Debug|x86 = Debug|x86
		Release|Any CPU = Release|Any CPU
		Release|x86 = Release|x86
	EndGlobalSection
	GlobalSection(ProjectConfigurationPlatforms) = postSolution
		{690E355A-54BD-4B43-BD44-4BFD6433307F}.Debug|Any CPU.ActiveCfg = Debug|Any CPU
		{690E355A-54BD-4B43-BD44-4BFD6433307F}.Debug|Any CPU.Build.0 = Debug|Any CPU
		{690E355A-54BD-4B43-BD44-4BFD6433307F}.Debug|x86.ActiveCfg = Debug|Any CPU
		{690E355A-54BD-4B43-BD44-4BFD6433307F}.Debug|x86.Build.0 = Debug|Any CPU
		{690E355A-54BD-4B43-BD44-4BFD6433307F}.Release|Any CPU.ActiveCfg = Release|Any CPU
		{690E355A-54BD-4B43-BD44-4BFD6433307F}.Release|Any CPU.Build.0 = Release|Any CPU
		{690E355A-54BD-4B43-BD44-4BFD6433307F}.Release|x86.ActiveCfg = Release|Any CPU
		{690E355A-54BD-4B43-BD44-4BFD6433307F}.Release|x86.Build.0 = Release|Any CPU
		{4C141051-B758-4451-A64F-A8E1C0812DF3}.Debug|Any CPU.ActiveCfg = Debug|Any CPU
		{4C141051-B758-4451-A64F-A8E1C0812DF3}.Debug|Any CPU.Build.0 = Debug|Any CPU
		{4C141051-B758-4451-A64F-A8E1C0812DF3}.Debug|x86.ActiveCfg = Debug|Any CPU
		{4C141051-B758-4451-A64F-A8E1C0812DF3}.Debug|x86.Build.0 = Debug|Any CPU
		{4C141051-B758-4451-A64F-A8E1C0812DF3}.Release|Any CPU.ActiveCfg = Release|Any CPU
		{4C141051-B758-4451-A64F-A8E1C0812DF3}.Release|Any CPU.Build.0 = Release|Any CPU
		{4C141051-B758-4451-A64F-A8E1C0812DF3}.Release|x86.ActiveCfg = Release|Any CPU
		{4C141051-B758-4451-A64F-A8E1C0812DF3}.Release|x86.Build.0 = Release|Any CPU
		{F562B611-197C-44BC-831A-6DB0017115A6}.Debug|Any CPU.ActiveCfg = Debug|Any CPU
		{F562B611-197C-44BC-831A-6DB0017115A6}.Debug|Any CPU.Build.0 = Debug|Any CPU
		{F562B611-197C-44BC-831A-6DB0017115A6}.Debug|x86.ActiveCfg = Debug|Any CPU
		{F562B611-197C-44BC-831A-6DB0017115A6}.Debug|x86.Build.0 = Debug|Any CPU
		{F562B611-197C-44BC-831A-6DB0017115A6}.Release|Any CPU.ActiveCfg = Release|Any CPU
		{F562B611-197C-44BC-831A-6DB0017115A6}.Release|Any CPU.Build.0 = Release|Any CPU
		{F562B611-197C-44BC-831A-6DB0017115A6}.Release|x86.ActiveCfg = Release|Any CPU
		{F562B611-197C-44BC-831A-6DB0017115A6}.Release|x86.Build.0 = Release|Any CPU
		{8DED09D8-13A9-4CC4-8D14-2484B2BE8234}.Debug|Any CPU.ActiveCfg = Debug|Any CPU
		{8DED09D8-13A9-4CC4-8D14-2484B2BE8234}.Debug|Any CPU.Build.0 = Debug|Any CPU
		{8DED09D8-13A9-4CC4-8D14-2484B2BE8234}.Debug|x86.ActiveCfg = Debug|Any CPU
		{8DED09D8-13A9-4CC4-8D14-2484B2BE8234}.Debug|x86.Build.0 = Debug|Any CPU
		{8DED09D8-13A9-4CC4-8D14-2484B2BE8234}.Release|Any CPU.ActiveCfg = Release|Any CPU
		{8DED09D8-13A9-4CC4-8D14-2484B2BE8234}.Release|Any CPU.Build.0 = Release|Any CPU
		{8DED09D8-13A9-4CC4-8D14-2484B2BE8234}.Release|x86.ActiveCfg = Release|Any CPU
		{8DED09D8-13A9-4CC4-8D14-2484B2BE8234}.Release|x86.Build.0 = Release|Any CPU
		{D6ADEB91-CE06-464E-B77B-9811C0BCC7EC}.Debug|Any CPU.ActiveCfg = Debug|Any CPU
		{D6ADEB91-CE06-464E-B77B-9811C0BCC7EC}.Debug|Any CPU.Build.0 = Debug|Any CPU
		{D6ADEB91-CE06-464E-B77B-9811C0BCC7EC}.Debug|x86.ActiveCfg = Debug|Any CPU
		{D6ADEB91-CE06-464E-B77B-9811C0BCC7EC}.Debug|x86.Build.0 = Debug|Any CPU
		{D6ADEB91-CE06-464E-B77B-9811C0BCC7EC}.Release|Any CPU.ActiveCfg = Release|Any CPU
		{D6ADEB91-CE06-464E-B77B-9811C0BCC7EC}.Release|Any CPU.Build.0 = Release|Any CPU
		{D6ADEB91-CE06-464E-B77B-9811C0BCC7EC}.Release|x86.ActiveCfg = Release|Any CPU
		{D6ADEB91-CE06-464E-B77B-9811C0BCC7EC}.Release|x86.Build.0 = Release|Any CPU
		{86F86650-EE3C-4372-8FEC-40C2FE015022}.Debug|Any CPU.ActiveCfg = Debug|Any CPU
		{86F86650-EE3C-4372-8FEC-40C2FE015022}.Debug|Any CPU.Build.0 = Debug|Any CPU
		{86F86650-EE3C-4372-8FEC-40C2FE015022}.Debug|x86.ActiveCfg = Debug|Any CPU
		{86F86650-EE3C-4372-8FEC-40C2FE015022}.Debug|x86.Build.0 = Debug|Any CPU
		{86F86650-EE3C-4372-8FEC-40C2FE015022}.Release|Any CPU.ActiveCfg = Release|Any CPU
		{86F86650-EE3C-4372-8FEC-40C2FE015022}.Release|Any CPU.Build.0 = Release|Any CPU
		{86F86650-EE3C-4372-8FEC-40C2FE015022}.Release|x86.ActiveCfg = Release|Any CPU
		{86F86650-EE3C-4372-8FEC-40C2FE015022}.Release|x86.Build.0 = Release|Any CPU
		{F68A1D19-93FB-47C1-A22B-42BEA3E4FD8C}.Debug|Any CPU.ActiveCfg = Debug|Any CPU
		{F68A1D19-93FB-47C1-A22B-42BEA3E4FD8C}.Debug|Any CPU.Build.0 = Debug|Any CPU
		{F68A1D19-93FB-47C1-A22B-42BEA3E4FD8C}.Debug|x86.ActiveCfg = Debug|Any CPU
		{F68A1D19-93FB-47C1-A22B-42BEA3E4FD8C}.Debug|x86.Build.0 = Debug|Any CPU
		{F68A1D19-93FB-47C1-A22B-42BEA3E4FD8C}.Release|Any CPU.ActiveCfg = Release|Any CPU
		{F68A1D19-93FB-47C1-A22B-42BEA3E4FD8C}.Release|Any CPU.Build.0 = Release|Any CPU
		{F68A1D19-93FB-47C1-A22B-42BEA3E4FD8C}.Release|x86.ActiveCfg = Release|Any CPU
		{F68A1D19-93FB-47C1-A22B-42BEA3E4FD8C}.Release|x86.Build.0 = Release|Any CPU
		{6E682A14-C872-4813-B620-76E108DEA683}.Debug|Any CPU.ActiveCfg = Debug|Any CPU
		{6E682A14-C872-4813-B620-76E108DEA683}.Debug|Any CPU.Build.0 = Debug|Any CPU
		{6E682A14-C872-4813-B620-76E108DEA683}.Debug|x86.ActiveCfg = Debug|x86
		{6E682A14-C872-4813-B620-76E108DEA683}.Debug|x86.Build.0 = Debug|x86
		{6E682A14-C872-4813-B620-76E108DEA683}.Release|Any CPU.ActiveCfg = Release|Any CPU
		{6E682A14-C872-4813-B620-76E108DEA683}.Release|Any CPU.Build.0 = Release|Any CPU
		{6E682A14-C872-4813-B620-76E108DEA683}.Release|x86.ActiveCfg = Release|x86
		{6E682A14-C872-4813-B620-76E108DEA683}.Release|x86.Build.0 = Release|x86
		{69831372-69E0-46B0-89A3-4E14493B1A68}.Debug|Any CPU.ActiveCfg = Debug|Any CPU
		{69831372-69E0-46B0-89A3-4E14493B1A68}.Debug|Any CPU.Build.0 = Debug|Any CPU
		{69831372-69E0-46B0-89A3-4E14493B1A68}.Debug|x86.ActiveCfg = Debug|Any CPU
		{69831372-69E0-46B0-89A3-4E14493B1A68}.Debug|x86.Build.0 = Debug|Any CPU
		{69831372-69E0-46B0-89A3-4E14493B1A68}.Release|Any CPU.ActiveCfg = Release|Any CPU
		{69831372-69E0-46B0-89A3-4E14493B1A68}.Release|Any CPU.Build.0 = Release|Any CPU
		{69831372-69E0-46B0-89A3-4E14493B1A68}.Release|x86.ActiveCfg = Release|Any CPU
		{69831372-69E0-46B0-89A3-4E14493B1A68}.Release|x86.Build.0 = Release|Any CPU
		{ED5C1C8B-8935-4979-8A0B-5363D6F1D138}.Debug|Any CPU.ActiveCfg = Debug|Any CPU
		{ED5C1C8B-8935-4979-8A0B-5363D6F1D138}.Debug|Any CPU.Build.0 = Debug|Any CPU
		{ED5C1C8B-8935-4979-8A0B-5363D6F1D138}.Debug|x86.ActiveCfg = Debug|Any CPU
		{ED5C1C8B-8935-4979-8A0B-5363D6F1D138}.Debug|x86.Build.0 = Debug|Any CPU
		{ED5C1C8B-8935-4979-8A0B-5363D6F1D138}.Release|Any CPU.ActiveCfg = Release|Any CPU
		{ED5C1C8B-8935-4979-8A0B-5363D6F1D138}.Release|Any CPU.Build.0 = Release|Any CPU
		{ED5C1C8B-8935-4979-8A0B-5363D6F1D138}.Release|x86.ActiveCfg = Release|Any CPU
		{ED5C1C8B-8935-4979-8A0B-5363D6F1D138}.Release|x86.Build.0 = Release|Any CPU
	EndGlobalSection
	GlobalSection(SolutionProperties) = preSolution
		HideSolutionNode = FALSE
	EndGlobalSection
	GlobalSection(NestedProjects) = preSolution
		{690E355A-54BD-4B43-BD44-4BFD6433307F} = {FFBC7DF2-6D4D-46F8-91D2-9918EA9E26DF}
		{4C141051-B758-4451-A64F-A8E1C0812DF3} = {15F4B85A-5957-4764-B4D5-9810AB10DAD6}
		{F562B611-197C-44BC-831A-6DB0017115A6} = {15F4B85A-5957-4764-B4D5-9810AB10DAD6}
		{8DED09D8-13A9-4CC4-8D14-2484B2BE8234} = {E354404B-CCBA-4C8C-9557-E2D7B53A570B}
		{D6ADEB91-CE06-464E-B77B-9811C0BCC7EC} = {E354404B-CCBA-4C8C-9557-E2D7B53A570B}
		{86F86650-EE3C-4372-8FEC-40C2FE015022} = {98E196D8-C0B1-471B-A756-5AEBA1DD055E}
		{F68A1D19-93FB-47C1-A22B-42BEA3E4FD8C} = {98E196D8-C0B1-471B-A756-5AEBA1DD055E}
		{6E682A14-C872-4813-B620-76E108DEA683} = {98E196D8-C0B1-471B-A756-5AEBA1DD055E}
		{69831372-69E0-46B0-89A3-4E14493B1A68} = {98E196D8-C0B1-471B-A756-5AEBA1DD055E}
		{ED5C1C8B-8935-4979-8A0B-5363D6F1D138} = {28A5633A-36C1-4898-A408-8C45B1F183C5}
	EndGlobalSection
	GlobalSection(ExtensibilityGlobals) = postSolution
		SolutionGuid = {3B9EC52B-2354-4449-8DB9-E85F69CD3719}
	EndGlobalSection
EndGlobal
